
Microsoft Visual Studio Solution File, Format Version 12.00
# Visual Studio Version 16
VisualStudioVersion = 16.0.29409.12
MinimumVisualStudioVersion = 10.0.40219.1
Project("{FAE04EC0-301F-11D3-BF4B-00C04F79EFBC}") = "DominicanaLimpia", "DominicanaLimpia\DominicanaLimpia.csproj", "{6FC2E433-FF97-44D3-8860-4ECF5A7DB183}"
EndProject
Global
	GlobalSection(SolutionConfigurationPlatforms) = preSolution
		Debug|Any CPU = Debug|Any CPU
		Release|Any CPU = Release|Any CPU
	EndGlobalSection
	GlobalSection(ProjectConfigurationPlatforms) = postSolution
		{6FC2E433-FF97-44D3-8860-4ECF5A7DB183}.Debug|Any CPU.ActiveCfg = Debug|Any CPU
		{6FC2E433-FF97-44D3-8860-4ECF5A7DB183}.Debug|Any CPU.Build.0 = Debug|Any CPU
		{6FC2E433-FF97-44D3-8860-4ECF5A7DB183}.Release|Any CPU.ActiveCfg = Release|Any CPU
		{6FC2E433-FF97-44D3-8860-4ECF5A7DB183}.Release|Any CPU.Build.0 = Release|Any CPU
	EndGlobalSection
	GlobalSection(SolutionProperties) = preSolution
		HideSolutionNode = FALSE
	EndGlobalSection
	GlobalSection(ExtensibilityGlobals) = postSolution
		SolutionGuid = {9F8F5248-E9A1-4F14-B187-1164197032C5}
	EndGlobalSection
EndGlobal
